
Microsoft Visual Studio Solution File, Format Version 12.00
# Visual Studio Version 16
VisualStudioVersion = 16.0.30907.101
MinimumVisualStudioVersion = 10.0.40219.1
Project("{9A19103F-16F7-4668-BE54-9A1E7A4F7556}") = "Design-Patterns", "Design-Patterns.csproj", "{66CB7ACF-EAD3-4500-A108-8ACB80464BF3}"
EndProject
Project("{9A19103F-16F7-4668-BE54-9A1E7A4F7556}") = "Design-Principles", "Design-Principles\Design-Principles.csproj", "{B26FDF2E-1C43-496B-8934-0944AB43DFFB}"
EndProject
Global
	GlobalSection(SolutionConfigurationPlatforms) = preSolution
		Debug|Any CPU = Debug|Any CPU
		Release|Any CPU = Release|Any CPU
	EndGlobalSection
	GlobalSection(ProjectConfigurationPlatforms) = postSolution
		{66CB7ACF-EAD3-4500-A108-8ACB80464BF3}.Debug|Any CPU.ActiveCfg = Debug|Any CPU
		{66CB7ACF-EAD3-4500-A108-8ACB80464BF3}.Debug|Any CPU.Build.0 = Debug|Any CPU
		{66CB7ACF-EAD3-4500-A108-8ACB80464BF3}.Release|Any CPU.ActiveCfg = Release|Any CPU
		{66CB7ACF-EAD3-4500-A108-8ACB80464BF3}.Release|Any CPU.Build.0 = Release|Any CPU
		{B26FDF2E-1C43-496B-8934-0944AB43DFFB}.Debug|Any CPU.ActiveCfg = Debug|Any CPU
		{B26FDF2E-1C43-496B-8934-0944AB43DFFB}.Debug|Any CPU.Build.0 = Debug|Any CPU
		{B26FDF2E-1C43-496B-8934-0944AB43DFFB}.Release|Any CPU.ActiveCfg = Release|Any CPU
		{B26FDF2E-1C43-496B-8934-0944AB43DFFB}.Release|Any CPU.Build.0 = Release|Any CPU
	EndGlobalSection
	GlobalSection(SolutionProperties) = preSolution
		HideSolutionNode = FALSE
	EndGlobalSection
	GlobalSection(ExtensibilityGlobals) = postSolution
		SolutionGuid = {5EE065BF-1CCF-4ECD-9CA9-3E5AE60498EC}
	EndGlobalSection
EndGlobal
